// !$*UTF8*$!
{
	archiveVersion = 1;
	classes = {
	};
	objectVersion = 56;
	objects = {

/* Begin PBXBuildFile section */
		0C76A0F12971678900D96291 /* AppDelegate.swift in Sources */ = {isa = PBXBuildFile; fileRef = 0C76A0F02971678900D96291 /* AppDelegate.swift */; };
		0C76A0F32971678900D96291 /* SceneDelegate.swift in Sources */ = {isa = PBXBuildFile; fileRef = 0C76A0F22971678900D96291 /* SceneDelegate.swift */; };
		0C76A0F52971678900D96291 /* ConversationsVC.swift in Sources */ = {isa = PBXBuildFile; fileRef = 0C76A0F42971678900D96291 /* ConversationsVC.swift */; };
		0C76A0F82971678900D96291 /* Main.storyboard in Resources */ = {isa = PBXBuildFile; fileRef = 0C76A0F62971678900D96291 /* Main.storyboard */; };
		0C76A0FA2971678900D96291 /* Assets.xcassets in Resources */ = {isa = PBXBuildFile; fileRef = 0C76A0F92971678900D96291 /* Assets.xcassets */; };
		0C76A0FD2971678900D96291 /* LaunchScreen.storyboard in Resources */ = {isa = PBXBuildFile; fileRef = 0C76A0FB2971678900D96291 /* LaunchScreen.storyboard */; };
		0C76A10C29716DA900D96291 /* LoginVC.swift in Sources */ = {isa = PBXBuildFile; fileRef = 0C76A10B29716DA900D96291 /* LoginVC.swift */; };
		0C76A10E29716DC100D96291 /* RegisterVC.swift in Sources */ = {isa = PBXBuildFile; fileRef = 0C76A10D29716DC100D96291 /* RegisterVC.swift */; };
		0C76A11029716DE400D96291 /* PhotoViewerVC.swift in Sources */ = {isa = PBXBuildFile; fileRef = 0C76A10F29716DE400D96291 /* PhotoViewerVC.swift */; };
		0C76A11229716E1B00D96291 /* VideoPlayerVC.swift in Sources */ = {isa = PBXBuildFile; fileRef = 0C76A11129716E1B00D96291 /* VideoPlayerVC.swift */; };
		0C76A11429716E5000D96291 /* NewConversetionVC.swift in Sources */ = {isa = PBXBuildFile; fileRef = 0C76A11329716E5000D96291 /* NewConversetionVC.swift */; };
		0C76A11629716E6D00D96291 /* ProfileVc.swift in Sources */ = {isa = PBXBuildFile; fileRef = 0C76A11529716E6D00D96291 /* ProfileVc.swift */; };
/* End PBXBuildFile section */

/* Begin PBXFileReference section */
		0C76A0ED2971678900D96291 /* Chat.app */ = {isa = PBXFileReference; explicitFileType = wrapper.application; includeInIndex = 0; path = Chat.app; sourceTree = BUILT_PRODUCTS_DIR; };
		0C76A0F02971678900D96291 /* AppDelegate.swift */ = {isa = PBXFileReference; lastKnownFileType = sourcecode.swift; path = AppDelegate.swift; sourceTree = "<group>"; };
		0C76A0F22971678900D96291 /* SceneDelegate.swift */ = {isa = PBXFileReference; lastKnownFileType = sourcecode.swift; path = SceneDelegate.swift; sourceTree = "<group>"; };
		0C76A0F42971678900D96291 /* ConversationsVC.swift */ = {isa = PBXFileReference; lastKnownFileType = sourcecode.swift; path = ConversationsVC.swift; sourceTree = "<group>"; };
		0C76A0F72971678900D96291 /* Base */ = {isa = PBXFileReference; lastKnownFileType = file.storyboard; name = Base; path = Base.lproj/Main.storyboard; sourceTree = "<group>"; };
		0C76A0F92971678900D96291 /* Assets.xcassets */ = {isa = PBXFileReference; lastKnownFileType = folder.assetcatalog; path = Assets.xcassets; sourceTree = "<group>"; };
		0C76A0FC2971678900D96291 /* Base */ = {isa = PBXFileReference; lastKnownFileType = file.storyboard; name = Base; path = Base.lproj/LaunchScreen.storyboard; sourceTree = "<group>"; };
		0C76A0FE2971678900D96291 /* Info.plist */ = {isa = PBXFileReference; lastKnownFileType = text.plist.xml; name = Info.plist; path = Chat/Info.plist; sourceTree = SOURCE_ROOT; };
		0C76A10B29716DA900D96291 /* LoginVC.swift */ = {isa = PBXFileReference; lastKnownFileType = sourcecode.swift; path = LoginVC.swift; sourceTree = "<group>"; };
		0C76A10D29716DC100D96291 /* RegisterVC.swift */ = {isa = PBXFileReference; lastKnownFileType = sourcecode.swift; path = RegisterVC.swift; sourceTree = "<group>"; };
		0C76A10F29716DE400D96291 /* PhotoViewerVC.swift */ = {isa = PBXFileReference; lastKnownFileType = sourcecode.swift; path = PhotoViewerVC.swift; sourceTree = "<group>"; };
		0C76A11129716E1B00D96291 /* VideoPlayerVC.swift */ = {isa = PBXFileReference; lastKnownFileType = sourcecode.swift; path = VideoPlayerVC.swift; sourceTree = "<group>"; };
		0C76A11329716E5000D96291 /* NewConversetionVC.swift */ = {isa = PBXFileReference; lastKnownFileType = sourcecode.swift; path = NewConversetionVC.swift; sourceTree = "<group>"; };
		0C76A11529716E6D00D96291 /* ProfileVc.swift */ = {isa = PBXFileReference; lastKnownFileType = sourcecode.swift; path = ProfileVc.swift; sourceTree = "<group>"; };
/* End PBXFileReference section */

/* Begin PBXFrameworksBuildPhase section */
		0C76A0EA2971678900D96291 /* Frameworks */ = {
			isa = PBXFrameworksBuildPhase;
			buildActionMask = 2147483647;
			files = (
			);
			runOnlyForDeploymentPostprocessing = 0;
		};
/* End PBXFrameworksBuildPhase section */

/* Begin PBXGroup section */
		0C76A0E42971678900D96291 = {
			isa = PBXGroup;
			children = (
				0C76A10A2971685300D96291 /* assets */,
				0C76A1092971681E00D96291 /* core */,
				0C76A107297167D200D96291 /* viewModels */,
				0C76A106297167B900D96291 /* models */,
				0C76A105297167AC00D96291 /* controllers */,
				0C76A1042971679100D96291 /* views */,
				0C76A0EF2971678900D96291 /* Chat */,
				0C76A0EE2971678900D96291 /* Products */,
			);
			sourceTree = "<group>";
		};
		0C76A0EE2971678900D96291 /* Products */ = {
			isa = PBXGroup;
			children = (
				0C76A0ED2971678900D96291 /* Chat.app */,
			);
			name = Products;
			sourceTree = "<group>";
		};
		0C76A0EF2971678900D96291 /* Chat */ = {
			isa = PBXGroup;
			children = (
				0C76A0FE2971678900D96291 /* Info.plist */,
			);
			path = Chat;
			sourceTree = "<group>";
		};
		0C76A1042971679100D96291 /* views */ = {
			isa = PBXGroup;
			children = (
				0C76A1082971680400D96291 /* storyBoards */,
			);
			path = views;
			sourceTree = "<group>";
		};
		0C76A105297167AC00D96291 /* controllers */ = {
			isa = PBXGroup;
			children = (
				0C76A0F42971678900D96291 /* ConversationsVC.swift */,
				0C76A10B29716DA900D96291 /* LoginVC.swift */,
				0C76A10D29716DC100D96291 /* RegisterVC.swift */,
				0C76A10F29716DE400D96291 /* PhotoViewerVC.swift */,
				0C76A11129716E1B00D96291 /* VideoPlayerVC.swift */,
				0C76A11329716E5000D96291 /* NewConversetionVC.swift */,
				0C76A11529716E6D00D96291 /* ProfileVc.swift */,
			);
			path = controllers;
			sourceTree = "<group>";
		};
		0C76A106297167B900D96291 /* models */ = {
			isa = PBXGroup;
			children = (
			);
			path = models;
			sourceTree = "<group>";
		};
		0C76A107297167D200D96291 /* viewModels */ = {
			isa = PBXGroup;
			children = (
			);
			path = viewModels;
			sourceTree = "<group>";
		};
		0C76A1082971680400D96291 /* storyBoards */ = {
			isa = PBXGroup;
			children = (
				0C76A0FB2971678900D96291 /* LaunchScreen.storyboard */,
				0C76A0F62971678900D96291 /* Main.storyboard */,
			);
			path = storyBoards;
			sourceTree = "<group>";
		};
		0C76A1092971681E00D96291 /* core */ = {
			isa = PBXGroup;
			children = (
				0C76A0F22971678900D96291 /* SceneDelegate.swift */,
				0C76A0F02971678900D96291 /* AppDelegate.swift */,
			);
			path = core;
			sourceTree = "<group>";
		};
		0C76A10A2971685300D96291 /* assets */ = {
			isa = PBXGroup;
			children = (
				0C76A0F92971678900D96291 /* Assets.xcassets */,
			);
			path = assets;
			sourceTree = "<group>";
		};
/* End PBXGroup section */

/* Begin PBXNativeTarget section */
		0C76A0EC2971678900D96291 /* Chat */ = {
			isa = PBXNativeTarget;
			buildConfigurationList = 0C76A1012971678A00D96291 /* Build configuration list for PBXNativeTarget "Chat" */;
			buildPhases = (
				0C76A0E92971678900D96291 /* Sources */,
				0C76A0EA2971678900D96291 /* Frameworks */,
				0C76A0EB2971678900D96291 /* Resources */,
			);
			buildRules = (
			);
			dependencies = (
			);
			name = Chat;
			productName = Chat;
			productReference = 0C76A0ED2971678900D96291 /* Chat.app */;
			productType = "com.apple.product-type.application";
		};
/* End PBXNativeTarget section */

/* Begin PBXProject section */
		0C76A0E52971678900D96291 /* Project object */ = {
			isa = PBXProject;
			attributes = {
				BuildIndependentTargetsInParallel = 1;
				LastSwiftUpdateCheck = 1410;
				LastUpgradeCheck = 1410;
				TargetAttributes = {
					0C76A0EC2971678900D96291 = {
						CreatedOnToolsVersion = 14.1;
					};
				};
			};
			buildConfigurationList = 0C76A0E82971678900D96291 /* Build configuration list for PBXProject "Chat" */;
			compatibilityVersion = "Xcode 14.0";
			developmentRegion = en;
			hasScannedForEncodings = 0;
			knownRegions = (
				en,
				Base,
			);
			mainGroup = 0C76A0E42971678900D96291;
			productRefGroup = 0C76A0EE2971678900D96291 /* Products */;
			projectDirPath = "";
			projectRoot = "";
			targets = (
				0C76A0EC2971678900D96291 /* Chat */,
			);
		};
/* End PBXProject section */

/* Begin PBXResourcesBuildPhase section */
		0C76A0EB2971678900D96291 /* Resources */ = {
			isa = PBXResourcesBuildPhase;
			buildActionMask = 2147483647;
			files = (
				0C76A0FD2971678900D96291 /* LaunchScreen.storyboard in Resources */,
				0C76A0FA2971678900D96291 /* Assets.xcassets in Resources */,
				0C76A0F82971678900D96291 /* Main.storyboard in Resources */,
			);
			runOnlyForDeploymentPostprocessing = 0;
		};
/* End PBXResourcesBuildPhase section */

/* Begin PBXSourcesBuildPhase section */
		0C76A0E92971678900D96291 /* Sources */ = {
			isa = PBXSourcesBuildPhase;
			buildActionMask = 2147483647;
			files = (
				0C76A11229716E1B00D96291 /* VideoPlayerVC.swift in Sources */,
				0C76A0F52971678900D96291 /* ConversationsVC.swift in Sources */,
				0C76A0F12971678900D96291 /* AppDelegate.swift in Sources */,
				0C76A10C29716DA900D96291 /* LoginVC.swift in Sources */,
				0C76A11429716E5000D96291 /* NewConversetionVC.swift in Sources */,
				0C76A11029716DE400D96291 /* PhotoViewerVC.swift in Sources */,
				0C76A0F32971678900D96291 /* SceneDelegate.swift in Sources */,
				0C76A10E29716DC100D96291 /* RegisterVC.swift in Sources */,
				0C76A11629716E6D00D96291 /* ProfileVc.swift in Sources */,
			);
			runOnlyForDeploymentPostprocessing = 0;
		};
/* End PBXSourcesBuildPhase section */

/* Begin PBXVariantGroup section */
		0C76A0F62971678900D96291 /* Main.storyboard */ = {
			isa = PBXVariantGroup;
			children = (
				0C76A0F72971678900D96291 /* Base */,
			);
			name = Main.storyboard;
			sourceTree = "<group>";
		};
		0C76A0FB2971678900D96291 /* LaunchScreen.storyboard */ = {
			isa = PBXVariantGroup;
			children = (
				0C76A0FC2971678900D96291 /* Base */,
			);
			name = LaunchScreen.storyboard;
			sourceTree = "<group>";
		};
/* End PBXVariantGroup section */

/* Begin XCBuildConfiguration section */
		0C76A0FF2971678A00D96291 /* Debug */ = {
			isa = XCBuildConfiguration;
			buildSettings = {
				ALWAYS_SEARCH_USER_PATHS = NO;
				CLANG_ANALYZER_NONNULL = YES;
				CLANG_ANALYZER_NUMBER_OBJECT_CONVERSION = YES_AGGRESSIVE;
				CLANG_CXX_LANGUAGE_STANDARD = "gnu++20";
				CLANG_ENABLE_MODULES = YES;
				CLANG_ENABLE_OBJC_ARC = YES;
				CLANG_ENABLE_OBJC_WEAK = YES;
				CLANG_WARN_BLOCK_CAPTURE_AUTORELEASING = YES;
				CLANG_WARN_BOOL_CONVERSION = YES;
				CLANG_WARN_COMMA = YES;
				CLANG_WARN_CONSTANT_CONVERSION = YES;
				CLANG_WARN_DEPRECATED_OBJC_IMPLEMENTATIONS = YES;
				CLANG_WARN_DIRECT_OBJC_ISA_USAGE = YES_ERROR;
				CLANG_WARN_DOCUMENTATION_COMMENTS = YES;
				CLANG_WARN_EMPTY_BODY = YES;
				CLANG_WARN_ENUM_CONVERSION = YES;
				CLANG_WARN_INFINITE_RECURSION = YES;
				CLANG_WARN_INT_CONVERSION = YES;
				CLANG_WARN_NON_LITERAL_NULL_CONVERSION = YES;
				CLANG_WARN_OBJC_IMPLICIT_RETAIN_SELF = YES;
				CLANG_WARN_OBJC_LITERAL_CONVERSION = YES;
				CLANG_WARN_OBJC_ROOT_CLASS = YES_ERROR;
				CLANG_WARN_QUOTED_INCLUDE_IN_FRAMEWORK_HEADER = YES;
				CLANG_WARN_RANGE_LOOP_ANALYSIS = YES;
				CLANG_WARN_STRICT_PROTOTYPES = YES;
				CLANG_WARN_SUSPICIOUS_MOVE = YES;
				CLANG_WARN_UNGUARDED_AVAILABILITY = YES_AGGRESSIVE;
				CLANG_WARN_UNREACHABLE_CODE = YES;
				CLANG_WARN__DUPLICATE_METHOD_MATCH = YES;
				COPY_PHASE_STRIP = NO;
				DEBUG_INFORMATION_FORMAT = dwarf;
				ENABLE_STRICT_OBJC_MSGSEND = YES;
				ENABLE_TESTABILITY = YES;
				GCC_C_LANGUAGE_STANDARD = gnu11;
				GCC_DYNAMIC_NO_PIC = NO;
				GCC_NO_COMMON_BLOCKS = YES;
				GCC_OPTIMIZATION_LEVEL = 0;
				GCC_PREPROCESSOR_DEFINITIONS = (
					"DEBUG=1",
					"$(inherited)",
				);
				GCC_WARN_64_TO_32_BIT_CONVERSION = YES;
				GCC_WARN_ABOUT_RETURN_TYPE = YES_ERROR;
				GCC_WARN_UNDECLARED_SELECTOR = YES;
				GCC_WARN_UNINITIALIZED_AUTOS = YES_AGGRESSIVE;
				GCC_WARN_UNUSED_FUNCTION = YES;
				GCC_WARN_UNUSED_VARIABLE = YES;
				IPHONEOS_DEPLOYMENT_TARGET = 16.1;
				MTL_ENABLE_DEBUG_INFO = INCLUDE_SOURCE;
				MTL_FAST_MATH = YES;
				ONLY_ACTIVE_ARCH = YES;
				SDKROOT = iphoneos;
				SWIFT_ACTIVE_COMPILATION_CONDITIONS = DEBUG;
				SWIFT_OPTIMIZATION_LEVEL = "-Onone";
			};
			name = Debug;
		};
		0C76A1002971678A00D96291 /* Release */ = {
			isa = XCBuildConfiguration;
			buildSettings = {
				ALWAYS_SEARCH_USER_PATHS = NO;
				CLANG_ANALYZER_NONNULL = YES;
				CLANG_ANALYZER_NUMBER_OBJECT_CONVERSION = YES_AGGRESSIVE;
				CLANG_CXX_LANGUAGE_STANDARD = "gnu++20";
				CLANG_ENABLE_MODULES = YES;
				CLANG_ENABLE_OBJC_ARC = YES;
				CLANG_ENABLE_OBJC_WEAK = YES;
				CLANG_WARN_BLOCK_CAPTURE_AUTORELEASING = YES;
				CLANG_WARN_BOOL_CONVERSION = YES;
				CLANG_WARN_COMMA = YES;
				CLANG_WARN_CONSTANT_CONVERSION = YES;
				CLANG_WARN_DEPRECATED_OBJC_IMPLEMENTATIONS = YES;
				CLANG_WARN_DIRECT_OBJC_ISA_USAGE = YES_ERROR;
				CLANG_WARN_DOCUMENTATION_COMMENTS = YES;
				CLANG_WARN_EMPTY_BODY = YES;
				CLANG_WARN_ENUM_CONVERSION = YES;
				CLANG_WARN_INFINITE_RECURSION = YES;
				CLANG_WARN_INT_CONVERSION = YES;
				CLANG_WARN_NON_LITERAL_NULL_CONVERSION = YES;
				CLANG_WARN_OBJC_IMPLICIT_RETAIN_SELF = YES;
				CLANG_WARN_OBJC_LITERAL_CONVERSION = YES;
				CLANG_WARN_OBJC_ROOT_CLASS = YES_ERROR;
				CLANG_WARN_QUOTED_INCLUDE_IN_FRAMEWORK_HEADER = YES;
				CLANG_WARN_RANGE_LOOP_ANALYSIS = YES;
				CLANG_WARN_STRICT_PROTOTYPES = YES;
				CLANG_WARN_SUSPICIOUS_MOVE = YES;
				CLANG_WARN_UNGUARDED_AVAILABILITY = YES_AGGRESSIVE;
				CLANG_WARN_UNREACHABLE_CODE = YES;
				CLANG_WARN__DUPLICATE_METHOD_MATCH = YES;
				COPY_PHASE_STRIP = NO;
				DEBUG_INFORMATION_FORMAT = "dwarf-with-dsym";
				ENABLE_NS_ASSERTIONS = NO;
				ENABLE_STRICT_OBJC_MSGSEND = YES;
				GCC_C_LANGUAGE_STANDARD = gnu11;
				GCC_NO_COMMON_BLOCKS = YES;
				GCC_WARN_64_TO_32_BIT_CONVERSION = YES;
				GCC_WARN_ABOUT_RETURN_TYPE = YES_ERROR;
				GCC_WARN_UNDECLARED_SELECTOR = YES;
				GCC_WARN_UNINITIALIZED_AUTOS = YES_AGGRESSIVE;
				GCC_WARN_UNUSED_FUNCTION = YES;
				GCC_WARN_UNUSED_VARIABLE = YES;
				IPHONEOS_DEPLOYMENT_TARGET = 16.1;
				MTL_ENABLE_DEBUG_INFO = NO;
				MTL_FAST_MATH = YES;
				SDKROOT = iphoneos;
				SWIFT_COMPILATION_MODE = wholemodule;
				SWIFT_OPTIMIZATION_LEVEL = "-O";
				VALIDATE_PRODUCT = YES;
			};
			name = Release;
		};
		0C76A1022971678A00D96291 /* Debug */ = {
			isa = XCBuildConfiguration;
			buildSettings = {
				ASSETCATALOG_COMPILER_APPICON_NAME = AppIcon;
				ASSETCATALOG_COMPILER_GLOBAL_ACCENT_COLOR_NAME = AccentColor;
				CODE_SIGN_STYLE = Automatic;
				CURRENT_PROJECT_VERSION = 1;
				GENERATE_INFOPLIST_FILE = YES;
				INFOPLIST_FILE = Chat/Info.plist;
				INFOPLIST_KEY_UIApplicationSupportsIndirectInputEvents = YES;
				INFOPLIST_KEY_UILaunchStoryboardName = LaunchScreen;
				INFOPLIST_KEY_UIMainStoryboardFile = Main;
				INFOPLIST_KEY_UISupportedInterfaceOrientations = UIInterfaceOrientationPortrait;
				INFOPLIST_KEY_UISupportedInterfaceOrientations_iPad = "UIInterfaceOrientationPortrait UIInterfaceOrientationPortraitUpsideDown";
				LD_RUNPATH_SEARCH_PATHS = (
					"$(inherited)",
					"@executable_path/Frameworks",
				);
				MARKETING_VERSION = 1.0;
				PRODUCT_BUNDLE_IDENTIFIER = com.ahlam.Chat;
				PRODUCT_NAME = "$(TARGET_NAME)";
				SWIFT_EMIT_LOC_STRINGS = YES;
				SWIFT_VERSION = 5.0;
				TARGETED_DEVICE_FAMILY = "1,2";
			};
			name = Debug;
		};
		0C76A1032971678A00D96291 /* Release */ = {
			isa = XCBuildConfiguration;
			buildSettings = {
				ASSETCATALOG_COMPILER_APPICON_NAME = AppIcon;
				ASSETCATALOG_COMPILER_GLOBAL_ACCENT_COLOR_NAME = AccentColor;
				CODE_SIGN_STYLE = Automatic;
				CURRENT_PROJECT_VERSION = 1;
				GENERATE_INFOPLIST_FILE = YES;
				INFOPLIST_FILE = Chat/Info.plist;
				INFOPLIST_KEY_UIApplicationSupportsIndirectInputEvents = YES;
				INFOPLIST_KEY_UILaunchStoryboardName = LaunchScreen;
				INFOPLIST_KEY_UIMainStoryboardFile = Main;
				INFOPLIST_KEY_UISupportedInterfaceOrientations = UIInterfaceOrientationPortrait;
				INFOPLIST_KEY_UISupportedInterfaceOrientations_iPad = "UIInterfaceOrientationPortrait UIInterfaceOrientationPortraitUpsideDown";
				LD_RUNPATH_SEARCH_PATHS = (
					"$(inherited)",
					"@executable_path/Frameworks",
				);
				MARKETING_VERSION = 1.0;
				PRODUCT_BUNDLE_IDENTIFIER = com.ahlam.Chat;
				PRODUCT_NAME = "$(TARGET_NAME)";
				SWIFT_EMIT_LOC_STRINGS = YES;
				SWIFT_VERSION = 5.0;
				TARGETED_DEVICE_FAMILY = "1,2";
			};
			name = Release;
		};
/* End XCBuildConfiguration section */

/* Begin XCConfigurationList section */
		0C76A0E82971678900D96291 /* Build configuration list for PBXProject "Chat" */ = {
			isa = XCConfigurationList;
			buildConfigurations = (
				0C76A0FF2971678A00D96291 /* Debug */,
				0C76A1002971678A00D96291 /* Release */,
			);
			defaultConfigurationIsVisible = 0;
			defaultConfigurationName = Release;
		};
		0C76A1012971678A00D96291 /* Build configuration list for PBXNativeTarget "Chat" */ = {
			isa = XCConfigurationList;
			buildConfigurations = (
				0C76A1022971678A00D96291 /* Debug */,
				0C76A1032971678A00D96291 /* Release */,
			);
			defaultConfigurationIsVisible = 0;
			defaultConfigurationName = Release;
		};
/* End XCConfigurationList section */
	};
	rootObject = 0C76A0E52971678900D96291 /* Project object */;
}
